{
  "pins" : [
    {
      "identity" : "jjliso8601dateformatter",
      "kind" : "remoteSourceControl",
      "location" : "https://github.com/michaeleisel/JJLISO8601DateFormatter",
      "state" : {
        "revision" : "de422afd9a47b72703c30a81423c478337191390",
        "version" : "0.1.6"
      }
    },
    {
      "identity" : "zippyjsoncfamily",
      "kind" : "remoteSourceControl",
      "location" : "https://github.com/miguel-batista/ZippyJSONCFamily",
      "state" : {
        "branch" : "master",
        "revision" : "aff0fd7b7a3ec81f4dc906a6c381c7e7f1777bb9"
      }
    }
  ],
  "version" : 2
}
